
Microsoft Visual Studio Solution File, Format Version 12.00
# Visual Studio Version 16
VisualStudioVersion = 16.0.33801.447
MinimumVisualStudioVersion = 10.0.40219.1
Project("{9A19103F-16F7-4668-BE54-9A1E7A4F7556}") = "Aula_14_09_2023", "Aula_14_09_2023\Aula_14_09_2023.csproj", "{273114C8-B38E-4DC3-B141-D079D0E8FC73}"
EndProject
Project("{9A19103F-16F7-4668-BE54-9A1E7A4F7556}") = "Aula_19_09_2023", "Aula_19_09_2023\Aula_19_09_2023.csproj", "{FED46AA9-9508-46B7-B8DE-A0FCFA91CC00}"
EndProject
Project("{9A19103F-16F7-4668-BE54-9A1E7A4F7556}") = "Aula_26_09_2023", "Aula_26_09_2023\Aula_26_09_2023.csproj", "{4787B7D5-0427-485E-932C-49387518361C}"
EndProject
Project("{FAE04EC0-301F-11D3-BF4B-00C04F79EFBC}") = "Aula 05_10_2023 Ex01", "Aula 05_10_2023\Aula 05_10_2023 Ex01.csproj", "{9AF5F2C8-A966-440A-8ED4-CDFF8249020C}"
EndProject
Project("{FAE04EC0-301F-11D3-BF4B-00C04F79EFBC}") = "Aula 05_10_2023 Ex02", "Aula 05_10_2023 Ex02\Aula 05_10_2023 Ex02.csproj", "{3C11E2E3-2964-47FE-B531-C7C82C813A8B}"
EndProject
Project("{FAE04EC0-301F-11D3-BF4B-00C04F79EFBC}") = "Aula 05_10_2023Ex03", "Aula 05_10_2023Ex03\Aula 05_10_2023Ex03.csproj", "{8E1D3721-A5F2-43A6-9F67-21BBC02AC3DF}"
EndProject
Global
	GlobalSection(SolutionConfigurationPlatforms) = preSolution
		Debug|Any CPU = Debug|Any CPU
		Release|Any CPU = Release|Any CPU
	EndGlobalSection
	GlobalSection(ProjectConfigurationPlatforms) = postSolution
		{273114C8-B38E-4DC3-B141-D079D0E8FC73}.Debug|Any CPU.ActiveCfg = Debug|Any CPU
		{273114C8-B38E-4DC3-B141-D079D0E8FC73}.Debug|Any CPU.Build.0 = Debug|Any CPU
		{273114C8-B38E-4DC3-B141-D079D0E8FC73}.Release|Any CPU.ActiveCfg = Release|Any CPU
		{273114C8-B38E-4DC3-B141-D079D0E8FC73}.Release|Any CPU.Build.0 = Release|Any CPU
		{FED46AA9-9508-46B7-B8DE-A0FCFA91CC00}.Debug|Any CPU.ActiveCfg = Debug|Any CPU
		{FED46AA9-9508-46B7-B8DE-A0FCFA91CC00}.Debug|Any CPU.Build.0 = Debug|Any CPU
		{FED46AA9-9508-46B7-B8DE-A0FCFA91CC00}.Release|Any CPU.ActiveCfg = Release|Any CPU
		{FED46AA9-9508-46B7-B8DE-A0FCFA91CC00}.Release|Any CPU.Build.0 = Release|Any CPU
		{4787B7D5-0427-485E-932C-49387518361C}.Debug|Any CPU.ActiveCfg = Debug|Any CPU
		{4787B7D5-0427-485E-932C-49387518361C}.Debug|Any CPU.Build.0 = Debug|Any CPU
		{4787B7D5-0427-485E-932C-49387518361C}.Release|Any CPU.ActiveCfg = Release|Any CPU
		{4787B7D5-0427-485E-932C-49387518361C}.Release|Any CPU.Build.0 = Release|Any CPU
		{9AF5F2C8-A966-440A-8ED4-CDFF8249020C}.Debug|Any CPU.ActiveCfg = Debug|Any CPU
		{9AF5F2C8-A966-440A-8ED4-CDFF8249020C}.Debug|Any CPU.Build.0 = Debug|Any CPU
		{9AF5F2C8-A966-440A-8ED4-CDFF8249020C}.Release|Any CPU.ActiveCfg = Release|Any CPU
		{9AF5F2C8-A966-440A-8ED4-CDFF8249020C}.Release|Any CPU.Build.0 = Release|Any CPU
		{3C11E2E3-2964-47FE-B531-C7C82C813A8B}.Debug|Any CPU.ActiveCfg = Debug|Any CPU
		{3C11E2E3-2964-47FE-B531-C7C82C813A8B}.Debug|Any CPU.Build.0 = Debug|Any CPU
		{3C11E2E3-2964-47FE-B531-C7C82C813A8B}.Release|Any CPU.ActiveCfg = Release|Any CPU
		{3C11E2E3-2964-47FE-B531-C7C82C813A8B}.Release|Any CPU.Build.0 = Release|Any CPU
		{8E1D3721-A5F2-43A6-9F67-21BBC02AC3DF}.Debug|Any CPU.ActiveCfg = Debug|Any CPU
		{8E1D3721-A5F2-43A6-9F67-21BBC02AC3DF}.Debug|Any CPU.Build.0 = Debug|Any CPU
		{8E1D3721-A5F2-43A6-9F67-21BBC02AC3DF}.Release|Any CPU.ActiveCfg = Release|Any CPU
		{8E1D3721-A5F2-43A6-9F67-21BBC02AC3DF}.Release|Any CPU.Build.0 = Release|Any CPU
	EndGlobalSection
	GlobalSection(SolutionProperties) = preSolution
		HideSolutionNode = FALSE
	EndGlobalSection
	GlobalSection(ExtensibilityGlobals) = postSolution
		SolutionGuid = {34270737-9FB5-4EAF-A097-9665490360BE}
	EndGlobalSection
EndGlobal
