
Microsoft Visual Studio Solution File, Format Version 12.00
# Visual Studio Version 16
VisualStudioVersion = 16.0.33801.447
MinimumVisualStudioVersion = 10.0.40219.1
Project("{9A19103F-16F7-4668-BE54-9A1E7A4F7556}") = "Aula_14_09_2023", "Aula_14_09_2023\Aula_14_09_2023.csproj", "{273114C8-B38E-4DC3-B141-D079D0E8FC73}"
EndProject
Project("{9A19103F-16F7-4668-BE54-9A1E7A4F7556}") = "Aula_19_09_2023", "Aula_19_09_2023\Aula_19_09_2023.csproj", "{FED46AA9-9508-46B7-B8DE-A0FCFA91CC00}"
EndProject
Project("{9A19103F-16F7-4668-BE54-9A1E7A4F7556}") = "Aula_26_09_2023", "Aula_26_09_2023\Aula_26_09_2023.csproj", "{4787B7D5-0427-485E-932C-49387518361C}"
EndProject
Project("{9A19103F-16F7-4668-BE54-9A1E7A4F7556}") = "Aula 05_10_2023 Ex01", "Aula 05_10_2023\Aula 05_10_2023 Ex01.csproj", "{9AF5F2C8-A966-440A-8ED4-CDFF8249020C}"
EndProject
Project("{9A19103F-16F7-4668-BE54-9A1E7A4F7556}") = "Aula 05_10_2023 Ex02", "Aula 05_10_2023 Ex02\Aula 05_10_2023 Ex02.csproj", "{3C11E2E3-2964-47FE-B531-C7C82C813A8B}"
EndProject
Project("{9A19103F-16F7-4668-BE54-9A1E7A4F7556}") = "Aula 05_10_2023Ex03", "Aula 05_10_2023Ex03\Aula 05_10_2023Ex03.csproj", "{8E1D3721-A5F2-43A6-9F67-21BBC02AC3DF}"
EndProject
Project("{9A19103F-16F7-4668-BE54-9A1E7A4F7556}") = "Aula 17_10_2023", "Aula 17_10_2023\Aula 17_10_2023.csproj", "{BDB8457D-7EDA-45D3-8D60-66BE49EBA0E9}"
EndProject
Project("{9A19103F-16F7-4668-BE54-9A1E7A4F7556}") = "Aula 19_10_2023_While", "Aula 19_10_2023\Aula 19_10_2023_While.csproj", "{C7734FE0-7121-41B8-B451-F81B8F7F30B1}"
EndProject
Project("{9A19103F-16F7-4668-BE54-9A1E7A4F7556}") = "Aula 19_10_2023_While Ex02", "Aula 19_10_2023_While Ex02\Aula 19_10_2023_While Ex02.csproj", "{B1EE1EB7-FE85-4AA0-BC58-5B8F829457F1}"
EndProject
Project("{9A19103F-16F7-4668-BE54-9A1E7A4F7556}") = "Aula 19_10_2023_While Ex03", "Aula 19_10_2023 While Ex03\Aula 19_10_2023_While Ex03.csproj", "{3E282012-F2B7-488F-BA24-DBC1A100E911}"
EndProject
Project("{9A19103F-16F7-4668-BE54-9A1E7A4F7556}") = "Aula_ 26_10_2023 Ex01", "Aula_ 26_10_2023 Ex01\Aula_ 26_10_2023 Ex01.csproj", "{18067C8E-9239-4F71-B656-A01CD9FEC77A}"
EndProject
Project("{9A19103F-16F7-4668-BE54-9A1E7A4F7556}") = "Aula_26_10_2023 Ex02", "Aula_26_10_2023_ Ex02\Aula_26_10_2023 Ex02.csproj", "{55DBE6E2-87F0-422F-876F-F7DF75F17A84}"
EndProject
Project("{FAE04EC0-301F-11D3-BF4B-00C04F79EFBC}") = "Aula_07_11_2023_Ex01", "Aula_07_11_2023_Ex01\Aula_07_11_2023_Ex01.csproj", "{2EF4F8F4-DC56-49C0-8B0D-0695367D9D50}"
EndProject
Project("{FAE04EC0-301F-11D3-BF4B-00C04F79EFBC}") = "Aula_07_11_2023_Ex02", "Aula_07_11_2023_Ex02\Aula_07_11_2023_Ex02.csproj", "{B5E9D1B1-933F-45BF-A7E7-712D208E0A84}"
EndProject
Project("{FAE04EC0-301F-11D3-BF4B-00C04F79EFBC}") = "Aula_07_11_2023_Ex03", "Aula_07_11_2023_Ex03\Aula_07_11_2023_Ex03.csproj", "{6649C521-C4A2-43BE-AC9E-DD59EFC8F623}"
EndProject
Global
	GlobalSection(SolutionConfigurationPlatforms) = preSolution
		Debug|Any CPU = Debug|Any CPU
		Release|Any CPU = Release|Any CPU
	EndGlobalSection
	GlobalSection(ProjectConfigurationPlatforms) = postSolution
		{273114C8-B38E-4DC3-B141-D079D0E8FC73}.Debug|Any CPU.ActiveCfg = Debug|Any CPU
		{273114C8-B38E-4DC3-B141-D079D0E8FC73}.Debug|Any CPU.Build.0 = Debug|Any CPU
		{273114C8-B38E-4DC3-B141-D079D0E8FC73}.Release|Any CPU.ActiveCfg = Release|Any CPU
		{273114C8-B38E-4DC3-B141-D079D0E8FC73}.Release|Any CPU.Build.0 = Release|Any CPU
		{FED46AA9-9508-46B7-B8DE-A0FCFA91CC00}.Debug|Any CPU.ActiveCfg = Debug|Any CPU
		{FED46AA9-9508-46B7-B8DE-A0FCFA91CC00}.Debug|Any CPU.Build.0 = Debug|Any CPU
		{FED46AA9-9508-46B7-B8DE-A0FCFA91CC00}.Release|Any CPU.ActiveCfg = Release|Any CPU
		{FED46AA9-9508-46B7-B8DE-A0FCFA91CC00}.Release|Any CPU.Build.0 = Release|Any CPU
		{4787B7D5-0427-485E-932C-49387518361C}.Debug|Any CPU.ActiveCfg = Debug|Any CPU
		{4787B7D5-0427-485E-932C-49387518361C}.Debug|Any CPU.Build.0 = Debug|Any CPU
		{4787B7D5-0427-485E-932C-49387518361C}.Release|Any CPU.ActiveCfg = Release|Any CPU
		{4787B7D5-0427-485E-932C-49387518361C}.Release|Any CPU.Build.0 = Release|Any CPU
		{9AF5F2C8-A966-440A-8ED4-CDFF8249020C}.Debug|Any CPU.ActiveCfg = Debug|Any CPU
		{9AF5F2C8-A966-440A-8ED4-CDFF8249020C}.Debug|Any CPU.Build.0 = Debug|Any CPU
		{9AF5F2C8-A966-440A-8ED4-CDFF8249020C}.Release|Any CPU.ActiveCfg = Release|Any CPU
		{9AF5F2C8-A966-440A-8ED4-CDFF8249020C}.Release|Any CPU.Build.0 = Release|Any CPU
		{3C11E2E3-2964-47FE-B531-C7C82C813A8B}.Debug|Any CPU.ActiveCfg = Debug|Any CPU
		{3C11E2E3-2964-47FE-B531-C7C82C813A8B}.Debug|Any CPU.Build.0 = Debug|Any CPU
		{3C11E2E3-2964-47FE-B531-C7C82C813A8B}.Release|Any CPU.ActiveCfg = Release|Any CPU
		{3C11E2E3-2964-47FE-B531-C7C82C813A8B}.Release|Any CPU.Build.0 = Release|Any CPU
		{8E1D3721-A5F2-43A6-9F67-21BBC02AC3DF}.Debug|Any CPU.ActiveCfg = Debug|Any CPU
		{8E1D3721-A5F2-43A6-9F67-21BBC02AC3DF}.Debug|Any CPU.Build.0 = Debug|Any CPU
		{8E1D3721-A5F2-43A6-9F67-21BBC02AC3DF}.Release|Any CPU.ActiveCfg = Release|Any CPU
		{8E1D3721-A5F2-43A6-9F67-21BBC02AC3DF}.Release|Any CPU.Build.0 = Release|Any CPU
		{BDB8457D-7EDA-45D3-8D60-66BE49EBA0E9}.Debug|Any CPU.ActiveCfg = Debug|Any CPU
		{BDB8457D-7EDA-45D3-8D60-66BE49EBA0E9}.Debug|Any CPU.Build.0 = Debug|Any CPU
		{BDB8457D-7EDA-45D3-8D60-66BE49EBA0E9}.Release|Any CPU.ActiveCfg = Release|Any CPU
		{BDB8457D-7EDA-45D3-8D60-66BE49EBA0E9}.Release|Any CPU.Build.0 = Release|Any CPU
		{C7734FE0-7121-41B8-B451-F81B8F7F30B1}.Debug|Any CPU.ActiveCfg = Debug|Any CPU
		{C7734FE0-7121-41B8-B451-F81B8F7F30B1}.Debug|Any CPU.Build.0 = Debug|Any CPU
		{C7734FE0-7121-41B8-B451-F81B8F7F30B1}.Release|Any CPU.ActiveCfg = Release|Any CPU
		{C7734FE0-7121-41B8-B451-F81B8F7F30B1}.Release|Any CPU.Build.0 = Release|Any CPU
		{B1EE1EB7-FE85-4AA0-BC58-5B8F829457F1}.Debug|Any CPU.ActiveCfg = Debug|Any CPU
		{B1EE1EB7-FE85-4AA0-BC58-5B8F829457F1}.Debug|Any CPU.Build.0 = Debug|Any CPU
		{B1EE1EB7-FE85-4AA0-BC58-5B8F829457F1}.Release|Any CPU.ActiveCfg = Release|Any CPU
		{B1EE1EB7-FE85-4AA0-BC58-5B8F829457F1}.Release|Any CPU.Build.0 = Release|Any CPU
		{3E282012-F2B7-488F-BA24-DBC1A100E911}.Debug|Any CPU.ActiveCfg = Debug|Any CPU
		{3E282012-F2B7-488F-BA24-DBC1A100E911}.Debug|Any CPU.Build.0 = Debug|Any CPU
		{3E282012-F2B7-488F-BA24-DBC1A100E911}.Release|Any CPU.ActiveCfg = Release|Any CPU
		{3E282012-F2B7-488F-BA24-DBC1A100E911}.Release|Any CPU.Build.0 = Release|Any CPU
		{18067C8E-9239-4F71-B656-A01CD9FEC77A}.Debug|Any CPU.ActiveCfg = Debug|Any CPU
		{18067C8E-9239-4F71-B656-A01CD9FEC77A}.Debug|Any CPU.Build.0 = Debug|Any CPU
		{18067C8E-9239-4F71-B656-A01CD9FEC77A}.Release|Any CPU.ActiveCfg = Release|Any CPU
		{18067C8E-9239-4F71-B656-A01CD9FEC77A}.Release|Any CPU.Build.0 = Release|Any CPU
		{55DBE6E2-87F0-422F-876F-F7DF75F17A84}.Debug|Any CPU.ActiveCfg = Debug|Any CPU
		{55DBE6E2-87F0-422F-876F-F7DF75F17A84}.Debug|Any CPU.Build.0 = Debug|Any CPU
		{55DBE6E2-87F0-422F-876F-F7DF75F17A84}.Release|Any CPU.ActiveCfg = Release|Any CPU
		{55DBE6E2-87F0-422F-876F-F7DF75F17A84}.Release|Any CPU.Build.0 = Release|Any CPU
		{2EF4F8F4-DC56-49C0-8B0D-0695367D9D50}.Debug|Any CPU.ActiveCfg = Debug|Any CPU
		{2EF4F8F4-DC56-49C0-8B0D-0695367D9D50}.Debug|Any CPU.Build.0 = Debug|Any CPU
		{2EF4F8F4-DC56-49C0-8B0D-0695367D9D50}.Release|Any CPU.ActiveCfg = Release|Any CPU
		{2EF4F8F4-DC56-49C0-8B0D-0695367D9D50}.Release|Any CPU.Build.0 = Release|Any CPU
		{B5E9D1B1-933F-45BF-A7E7-712D208E0A84}.Debug|Any CPU.ActiveCfg = Debug|Any CPU
		{B5E9D1B1-933F-45BF-A7E7-712D208E0A84}.Debug|Any CPU.Build.0 = Debug|Any CPU
		{B5E9D1B1-933F-45BF-A7E7-712D208E0A84}.Release|Any CPU.ActiveCfg = Release|Any CPU
		{B5E9D1B1-933F-45BF-A7E7-712D208E0A84}.Release|Any CPU.Build.0 = Release|Any CPU
		{6649C521-C4A2-43BE-AC9E-DD59EFC8F623}.Debug|Any CPU.ActiveCfg = Debug|Any CPU
		{6649C521-C4A2-43BE-AC9E-DD59EFC8F623}.Debug|Any CPU.Build.0 = Debug|Any CPU
		{6649C521-C4A2-43BE-AC9E-DD59EFC8F623}.Release|Any CPU.ActiveCfg = Release|Any CPU
		{6649C521-C4A2-43BE-AC9E-DD59EFC8F623}.Release|Any CPU.Build.0 = Release|Any CPU
	EndGlobalSection
	GlobalSection(SolutionProperties) = preSolution
		HideSolutionNode = FALSE
	EndGlobalSection
	GlobalSection(ExtensibilityGlobals) = postSolution
		SolutionGuid = {34270737-9FB5-4EAF-A097-9665490360BE}
	EndGlobalSection
EndGlobal
